
Microsoft Visual Studio Solution File, Format Version 12.00
# Visual Studio Version 16
VisualStudioVersion = 16.0.32002.261
MinimumVisualStudioVersion = 10.0.40219.1
Project("{FAE04EC0-301F-11D3-BF4B-00C04F79EFBC}") = "ManyoLibrary", "ManyoLibrary\ManyoLibrary.csproj", "{7C7AF3F6-1D1F-4A14-B0B9-2D489ABD4472}"
EndProject
Project("{2150E333-8FDC-42A3-9474-1A3956D46DE8}") = "Solution Items", "Solution Items", "{36412232-EC33-41FC-A9C3-570B02CC9895}"
	ProjectSection(SolutionItems) = preProject
		Zadanie1.txt = Zadanie1.txt
	EndProjectSection
EndProject
Project("{FAE04EC0-301F-11D3-BF4B-00C04F79EFBC}") = "MainProgram", "MainProgram\MainProgram.csproj", "{238F9485-9F05-4194-9F81-7A1604DA6C84}"
EndProject
Project("{FAE04EC0-301F-11D3-BF4B-00C04F79EFBC}") = "MojDom", "MojDom\MojDom.csproj", "{7B87FBB3-655D-41F5-B8E4-36A090164678}"
EndProject
Global
	GlobalSection(SolutionConfigurationPlatforms) = preSolution
		Debug|Any CPU = Debug|Any CPU
		Release|Any CPU = Release|Any CPU
	EndGlobalSection
	GlobalSection(ProjectConfigurationPlatforms) = postSolution
		{7C7AF3F6-1D1F-4A14-B0B9-2D489ABD4472}.Debug|Any CPU.ActiveCfg = Debug|Any CPU
		{7C7AF3F6-1D1F-4A14-B0B9-2D489ABD4472}.Debug|Any CPU.Build.0 = Debug|Any CPU
		{7C7AF3F6-1D1F-4A14-B0B9-2D489ABD4472}.Release|Any CPU.ActiveCfg = Release|Any CPU
		{7C7AF3F6-1D1F-4A14-B0B9-2D489ABD4472}.Release|Any CPU.Build.0 = Release|Any CPU
		{238F9485-9F05-4194-9F81-7A1604DA6C84}.Debug|Any CPU.ActiveCfg = Debug|Any CPU
		{238F9485-9F05-4194-9F81-7A1604DA6C84}.Debug|Any CPU.Build.0 = Debug|Any CPU
		{238F9485-9F05-4194-9F81-7A1604DA6C84}.Release|Any CPU.ActiveCfg = Release|Any CPU
		{238F9485-9F05-4194-9F81-7A1604DA6C84}.Release|Any CPU.Build.0 = Release|Any CPU
		{7B87FBB3-655D-41F5-B8E4-36A090164678}.Debug|Any CPU.ActiveCfg = Debug|Any CPU
		{7B87FBB3-655D-41F5-B8E4-36A090164678}.Debug|Any CPU.Build.0 = Debug|Any CPU
		{7B87FBB3-655D-41F5-B8E4-36A090164678}.Release|Any CPU.ActiveCfg = Release|Any CPU
		{7B87FBB3-655D-41F5-B8E4-36A090164678}.Release|Any CPU.Build.0 = Release|Any CPU
	EndGlobalSection
	GlobalSection(SolutionProperties) = preSolution
		HideSolutionNode = FALSE
	EndGlobalSection
	GlobalSection(ExtensibilityGlobals) = postSolution
		SolutionGuid = {A0C9A32B-2F19-49F6-B564-D1507061B263}
	EndGlobalSection
EndGlobal
